// !$*UTF8*$!
{
	archiveVersion = 1;
	classes = {
	};
	objectVersion = 55;
	objects = {

/* Begin PBXBuildFile section */
		39657B1027F4DB72009EBE47 /* ESDMain.swift in Sources */ = {isa = PBXBuildFile; fileRef = 39657B0F27F4DB72009EBE47 /* ESDMain.swift */; };
		39657C6B27F501D2009EBE47 /* ArgumentParser in Frameworks */ = {isa = PBXBuildFile; productRef = 39657C6A27F501D2009EBE47 /* ArgumentParser */; };
		39657C6D27F60906009EBE47 /* Plugin.swift in Sources */ = {isa = PBXBuildFile; fileRef = 39657C6C27F60906009EBE47 /* Plugin.swift */; };
		3974364327FD0A68004B3EE9 /* appleScriptTemplateSDPlugin in Copy Files */ = {isa = PBXBuildFile; fileRef = 39657B0C27F4DB72009EBE47 /* appleScriptTemplateSDPlugin */; settings = {ATTRIBUTES = (CodeSignOnCopy, ); }; };
		3974364A2804AB79004B3EE9 /* Vapor in Frameworks */ = {isa = PBXBuildFile; productRef = 397436492804AB79004B3EE9 /* Vapor */; };
		3974364C2804AD19004B3EE9 /* ESDConnectionManager.swift in Sources */ = {isa = PBXBuildFile; fileRef = 3974364B2804AD19004B3EE9 /* ESDConnectionManager.swift */; };
		3974364E2804AD96004B3EE9 /* ESDEventsProtocol.swift in Sources */ = {isa = PBXBuildFile; fileRef = 3974364D2804AD96004B3EE9 /* ESDEventsProtocol.swift */; };
		397436502805F69F004B3EE9 /* ESDSDKConstants.swift in Sources */ = {isa = PBXBuildFile; fileRef = 3974364F2805F69F004B3EE9 /* ESDSDKConstants.swift */; };
		39743652280882C1004B3EE9 /* ESDApplicationStateProtocol.swift in Sources */ = {isa = PBXBuildFile; fileRef = 39743651280882C1004B3EE9 /* ESDApplicationStateProtocol.swift */; };
		397436582808BF27004B3EE9 /* SwiftyJSON in Frameworks */ = {isa = PBXBuildFile; productRef = 397436572808BF27004B3EE9 /* SwiftyJSON */; };
/* End PBXBuildFile section */

/* Begin PBXCopyFilesBuildPhase section */
		39657B0A27F4DB72009EBE47 /* Copy Files */ = {
			isa = PBXCopyFilesBuildPhase;
			buildActionMask = 12;
			dstPath = "${PROJECT_DIR}/com.yourdomain.appleScriptTemplate.sdPlugin";
			dstSubfolderSpec = 0;
			files = (
				3974364327FD0A68004B3EE9 /* appleScriptTemplateSDPlugin in Copy Files */,
			);
			name = "Copy Files";
			runOnlyForDeploymentPostprocessing = 0;
		};
/* End PBXCopyFilesBuildPhase section */

/* Begin PBXFileReference section */
		39657B0C27F4DB72009EBE47 /* appleScriptTemplateSDPlugin */ = {isa = PBXFileReference; explicitFileType = "compiled.mach-o.executable"; includeInIndex = 0; path = appleScriptTemplateSDPlugin; sourceTree = BUILT_PRODUCTS_DIR; };
		39657B0F27F4DB72009EBE47 /* ESDMain.swift */ = {isa = PBXFileReference; lastKnownFileType = sourcecode.swift; path = ESDMain.swift; sourceTree = "<group>"; };
		39657C6C27F60906009EBE47 /* Plugin.swift */ = {isa = PBXFileReference; lastKnownFileType = sourcecode.swift; path = Plugin.swift; sourceTree = "<group>"; };
		3974364B2804AD19004B3EE9 /* ESDConnectionManager.swift */ = {isa = PBXFileReference; lastKnownFileType = sourcecode.swift; path = ESDConnectionManager.swift; sourceTree = "<group>"; };
		3974364D2804AD96004B3EE9 /* ESDEventsProtocol.swift */ = {isa = PBXFileReference; lastKnownFileType = sourcecode.swift; path = ESDEventsProtocol.swift; sourceTree = "<group>"; };
		3974364F2805F69F004B3EE9 /* ESDSDKConstants.swift */ = {isa = PBXFileReference; lastKnownFileType = sourcecode.swift; path = ESDSDKConstants.swift; sourceTree = "<group>"; };
		39743651280882C1004B3EE9 /* ESDApplicationStateProtocol.swift */ = {isa = PBXFileReference; lastKnownFileType = sourcecode.swift; path = ESDApplicationStateProtocol.swift; sourceTree = "<group>"; };
/* End PBXFileReference section */

/* Begin PBXFrameworksBuildPhase section */
		39657B0927F4DB72009EBE47 /* Frameworks */ = {
			isa = PBXFrameworksBuildPhase;
			buildActionMask = 2147483647;
			files = (
				397436582808BF27004B3EE9 /* SwiftyJSON in Frameworks */,
				39657C6B27F501D2009EBE47 /* ArgumentParser in Frameworks */,
				3974364A2804AB79004B3EE9 /* Vapor in Frameworks */,
			);
			runOnlyForDeploymentPostprocessing = 0;
		};
/* End PBXFrameworksBuildPhase section */

/* Begin PBXGroup section */
		39657B0327F4DB72009EBE47 = {
			isa = PBXGroup;
			children = (
				39657B0E27F4DB72009EBE47 /* StreamDeckPlugin */,
				39657B0D27F4DB72009EBE47 /* Products */,
			);
			sourceTree = "<group>";
		};
		39657B0D27F4DB72009EBE47 /* Products */ = {
			isa = PBXGroup;
			children = (
				39657B0C27F4DB72009EBE47 /* appleScriptTemplateSDPlugin */,
			);
			name = Products;
			sourceTree = "<group>";
		};
		39657B0E27F4DB72009EBE47 /* StreamDeckPlugin */ = {
			isa = PBXGroup;
			children = (
				39657C5E27F4F026009EBE47 /* StreamDeck */,
				39657C6C27F60906009EBE47 /* Plugin.swift */,
			);
			path = StreamDeckPlugin;
			sourceTree = "<group>";
		};
		39657C5E27F4F026009EBE47 /* StreamDeck */ = {
			isa = PBXGroup;
			children = (
				39657B0F27F4DB72009EBE47 /* ESDMain.swift */,
				3974364B2804AD19004B3EE9 /* ESDConnectionManager.swift */,
				3974364D2804AD96004B3EE9 /* ESDEventsProtocol.swift */,
				3974364F2805F69F004B3EE9 /* ESDSDKConstants.swift */,
				39743651280882C1004B3EE9 /* ESDApplicationStateProtocol.swift */,
			);
			name = StreamDeck;
			path = Vendor/StreamDeck;
			sourceTree = "<group>";
		};
/* End PBXGroup section */

/* Begin PBXNativeTarget section */
		39657B0B27F4DB72009EBE47 /* StreamDeckPlugin */ = {
			isa = PBXNativeTarget;
			buildConfigurationList = 39657B1327F4DB72009EBE47 /* Build configuration list for PBXNativeTarget "StreamDeckPlugin" */;
			buildPhases = (
				39657B0827F4DB72009EBE47 /* Sources */,
				39657B0927F4DB72009EBE47 /* Frameworks */,
				39657B0A27F4DB72009EBE47 /* Copy Files */,
				397436472803CA21004B3EE9 /* ShellScript */,
			);
			buildRules = (
			);
			dependencies = (
			);
			name = StreamDeckPlugin;
			packageProductDependencies = (
				39657C6A27F501D2009EBE47 /* ArgumentParser */,
				397436492804AB79004B3EE9 /* Vapor */,
				397436572808BF27004B3EE9 /* SwiftyJSON */,
			);
			productName = StreamDeckPlugin;
			productReference = 39657B0C27F4DB72009EBE47 /* appleScriptTemplateSDPlugin */;
			productType = "com.apple.product-type.tool";
		};
/* End PBXNativeTarget section */

/* Begin PBXProject section */
		39657B0427F4DB72009EBE47 /* Project object */ = {
			isa = PBXProject;
			attributes = {
				BuildIndependentTargetsInParallel = 1;
				LastSwiftUpdateCheck = 1330;
				LastUpgradeCheck = 1330;
				TargetAttributes = {
					39657B0B27F4DB72009EBE47 = {
						CreatedOnToolsVersion = 13.3;
					};
				};
			};
			buildConfigurationList = 39657B0727F4DB72009EBE47 /* Build configuration list for PBXProject "StreamDeckPlugin" */;
			compatibilityVersion = "Xcode 13.0";
			developmentRegion = en;
			hasScannedForEncodings = 0;
			knownRegions = (
				en,
				Base,
			);
			mainGroup = 39657B0327F4DB72009EBE47;
			packageReferences = (
				39657C6927F501D2009EBE47 /* XCRemoteSwiftPackageReference "swift-argument-parser" */,
				397436482804AB79004B3EE9 /* XCRemoteSwiftPackageReference "vapor" */,
				397436562808BF27004B3EE9 /* XCRemoteSwiftPackageReference "SwiftyJSON" */,
			);
			productRefGroup = 39657B0D27F4DB72009EBE47 /* Products */;
			projectDirPath = "";
			projectRoot = "";
			targets = (
				39657B0B27F4DB72009EBE47 /* StreamDeckPlugin */,
			);
		};
/* End PBXProject section */

/* Begin PBXShellScriptBuildPhase section */
		397436472803CA21004B3EE9 /* ShellScript */ = {
			isa = PBXShellScriptBuildPhase;
			buildActionMask = 12;
			files = (
			);
			inputFileListPaths = (
			);
			inputPaths = (
			);
			outputFileListPaths = (
			);
			outputPaths = (
			);
			runOnlyForDeploymentPostprocessing = 0;
			shellPath = /bin/sh;
			shellScript = "# Type a script or drag a script file from your workspace to insert its path.\nOUTPUT_FILE=${PROJECT_DIR}/com.yourdomain.applescripttemplate.streamDeckPlugin\n[ -e \"${OUTPUT_FILE}\" ] && rm \"${OUTPUT_FILE}\"\n~/local/bin/DistributionTool -b -i \"${PROJECT_DIR}/com.yourdomain.applescripttemplate.sdPlugin\" -o \"${PROJECT_DIR}\"\n";
		};
/* End PBXShellScriptBuildPhase section */

/* Begin PBXSourcesBuildPhase section */
		39657B0827F4DB72009EBE47 /* Sources */ = {
			isa = PBXSourcesBuildPhase;
			buildActionMask = 2147483647;
			files = (
				3974364E2804AD96004B3EE9 /* ESDEventsProtocol.swift in Sources */,
				39657C6D27F60906009EBE47 /* Plugin.swift in Sources */,
				397436502805F69F004B3EE9 /* ESDSDKConstants.swift in Sources */,
				39743652280882C1004B3EE9 /* ESDApplicationStateProtocol.swift in Sources */,
				3974364C2804AD19004B3EE9 /* ESDConnectionManager.swift in Sources */,
				39657B1027F4DB72009EBE47 /* ESDMain.swift in Sources */,
			);
			runOnlyForDeploymentPostprocessing = 0;
		};
/* End PBXSourcesBuildPhase section */

/* Begin XCBuildConfiguration section */
		39657B1127F4DB72009EBE47 /* Debug */ = {
			isa = XCBuildConfiguration;
			buildSettings = {
				ALWAYS_SEARCH_USER_PATHS = NO;
				CLANG_ANALYZER_NONNULL = YES;
				CLANG_ANALYZER_NUMBER_OBJECT_CONVERSION = YES_AGGRESSIVE;
				CLANG_CXX_LANGUAGE_STANDARD = "gnu++17";
				CLANG_ENABLE_MODULES = YES;
				CLANG_ENABLE_OBJC_ARC = YES;
				CLANG_ENABLE_OBJC_WEAK = YES;
				CLANG_WARN_BLOCK_CAPTURE_AUTORELEASING = YES;
				CLANG_WARN_BOOL_CONVERSION = YES;
				CLANG_WARN_COMMA = YES;
				CLANG_WARN_CONSTANT_CONVERSION = YES;
				CLANG_WARN_DEPRECATED_OBJC_IMPLEMENTATIONS = YES;
				CLANG_WARN_DIRECT_OBJC_ISA_USAGE = YES_ERROR;
				CLANG_WARN_DOCUMENTATION_COMMENTS = YES;
				CLANG_WARN_EMPTY_BODY = YES;
				CLANG_WARN_ENUM_CONVERSION = YES;
				CLANG_WARN_INFINITE_RECURSION = YES;
				CLANG_WARN_INT_CONVERSION = YES;
				CLANG_WARN_NON_LITERAL_NULL_CONVERSION = YES;
				CLANG_WARN_OBJC_IMPLICIT_RETAIN_SELF = YES;
				CLANG_WARN_OBJC_LITERAL_CONVERSION = YES;
				CLANG_WARN_OBJC_ROOT_CLASS = YES_ERROR;
				CLANG_WARN_QUOTED_INCLUDE_IN_FRAMEWORK_HEADER = YES;
				CLANG_WARN_RANGE_LOOP_ANALYSIS = YES;
				CLANG_WARN_STRICT_PROTOTYPES = YES;
				CLANG_WARN_SUSPICIOUS_MOVE = YES;
				CLANG_WARN_UNGUARDED_AVAILABILITY = YES_AGGRESSIVE;
				CLANG_WARN_UNREACHABLE_CODE = YES;
				CLANG_WARN__DUPLICATE_METHOD_MATCH = YES;
				COPY_PHASE_STRIP = NO;
				DEBUG_INFORMATION_FORMAT = dwarf;
				ENABLE_STRICT_OBJC_MSGSEND = YES;
				ENABLE_TESTABILITY = YES;
				GCC_C_LANGUAGE_STANDARD = gnu11;
				GCC_DYNAMIC_NO_PIC = NO;
				GCC_NO_COMMON_BLOCKS = YES;
				GCC_OPTIMIZATION_LEVEL = 0;
				GCC_PREPROCESSOR_DEFINITIONS = (
					"DEBUG=1",
					"$(inherited)",
				);
				GCC_WARN_64_TO_32_BIT_CONVERSION = YES;
				GCC_WARN_ABOUT_RETURN_TYPE = YES_ERROR;
				GCC_WARN_UNDECLARED_SELECTOR = YES;
				GCC_WARN_UNINITIALIZED_AUTOS = YES_AGGRESSIVE;
				GCC_WARN_UNUSED_FUNCTION = YES;
				GCC_WARN_UNUSED_VARIABLE = YES;
				MACOSX_DEPLOYMENT_TARGET = 12.3;
				MTL_ENABLE_DEBUG_INFO = INCLUDE_SOURCE;
				MTL_FAST_MATH = YES;
				ONLY_ACTIVE_ARCH = YES;
				SDKROOT = macosx;
				SWIFT_ACTIVE_COMPILATION_CONDITIONS = DEBUG;
				SWIFT_OPTIMIZATION_LEVEL = "-Onone";
			};
			name = Debug;
		};
		39657B1227F4DB72009EBE47 /* Release */ = {
			isa = XCBuildConfiguration;
			buildSettings = {
				ALWAYS_SEARCH_USER_PATHS = NO;
				CLANG_ANALYZER_NONNULL = YES;
				CLANG_ANALYZER_NUMBER_OBJECT_CONVERSION = YES_AGGRESSIVE;
				CLANG_CXX_LANGUAGE_STANDARD = "gnu++17";
				CLANG_ENABLE_MODULES = YES;
				CLANG_ENABLE_OBJC_ARC = YES;
				CLANG_ENABLE_OBJC_WEAK = YES;
				CLANG_WARN_BLOCK_CAPTURE_AUTORELEASING = YES;
				CLANG_WARN_BOOL_CONVERSION = YES;
				CLANG_WARN_COMMA = YES;
				CLANG_WARN_CONSTANT_CONVERSION = YES;
				CLANG_WARN_DEPRECATED_OBJC_IMPLEMENTATIONS = YES;
				CLANG_WARN_DIRECT_OBJC_ISA_USAGE = YES_ERROR;
				CLANG_WARN_DOCUMENTATION_COMMENTS = YES;
				CLANG_WARN_EMPTY_BODY = YES;
				CLANG_WARN_ENUM_CONVERSION = YES;
				CLANG_WARN_INFINITE_RECURSION = YES;
				CLANG_WARN_INT_CONVERSION = YES;
				CLANG_WARN_NON_LITERAL_NULL_CONVERSION = YES;
				CLANG_WARN_OBJC_IMPLICIT_RETAIN_SELF = YES;
				CLANG_WARN_OBJC_LITERAL_CONVERSION = YES;
				CLANG_WARN_OBJC_ROOT_CLASS = YES_ERROR;
				CLANG_WARN_QUOTED_INCLUDE_IN_FRAMEWORK_HEADER = YES;
				CLANG_WARN_RANGE_LOOP_ANALYSIS = YES;
				CLANG_WARN_STRICT_PROTOTYPES = YES;
				CLANG_WARN_SUSPICIOUS_MOVE = YES;
				CLANG_WARN_UNGUARDED_AVAILABILITY = YES_AGGRESSIVE;
				CLANG_WARN_UNREACHABLE_CODE = YES;
				CLANG_WARN__DUPLICATE_METHOD_MATCH = YES;
				COPY_PHASE_STRIP = NO;
				DEBUG_INFORMATION_FORMAT = "dwarf-with-dsym";
				ENABLE_NS_ASSERTIONS = NO;
				ENABLE_STRICT_OBJC_MSGSEND = YES;
				GCC_C_LANGUAGE_STANDARD = gnu11;
				GCC_NO_COMMON_BLOCKS = YES;
				GCC_WARN_64_TO_32_BIT_CONVERSION = YES;
				GCC_WARN_ABOUT_RETURN_TYPE = YES_ERROR;
				GCC_WARN_UNDECLARED_SELECTOR = YES;
				GCC_WARN_UNINITIALIZED_AUTOS = YES_AGGRESSIVE;
				GCC_WARN_UNUSED_FUNCTION = YES;
				GCC_WARN_UNUSED_VARIABLE = YES;
				MACOSX_DEPLOYMENT_TARGET = 12.3;
				MTL_ENABLE_DEBUG_INFO = NO;
				MTL_FAST_MATH = YES;
				SDKROOT = macosx;
				SWIFT_COMPILATION_MODE = wholemodule;
				SWIFT_OPTIMIZATION_LEVEL = "-O";
			};
			name = Release;
		};
		39657B1427F4DB72009EBE47 /* Debug */ = {
			isa = XCBuildConfiguration;
			buildSettings = {
				CODE_SIGN_STYLE = Automatic;
				DEFINES_MODULE = YES;
				HEADER_SEARCH_PATHS = "\"$(SRCROOT)/StreamDeckPlugin/Vendor/SocketRocket\"";
				PRODUCT_NAME = appleScriptTemplateSDPlugin;
				SWIFT_INSTALL_OBJC_HEADER = NO;
				SWIFT_OBJC_BRIDGING_HEADER = "";
				SWIFT_PRECOMPILE_BRIDGING_HEADER = NO;
				SWIFT_VERSION = 5.0;
			};
			name = Debug;
		};
		39657B1527F4DB72009EBE47 /* Release */ = {
			isa = XCBuildConfiguration;
			buildSettings = {
				CODE_SIGN_STYLE = Automatic;
				DEFINES_MODULE = YES;
				DEPLOYMENT_LOCATION = NO;
				HEADER_SEARCH_PATHS = "\"$(SRCROOT)/StreamDeckPlugin/Vendor/SocketRocket\"";
				PRODUCT_NAME = appleScriptTemplateSDPlugin;
				SWIFT_INSTALL_OBJC_HEADER = NO;
				SWIFT_OBJC_BRIDGING_HEADER = "";
				SWIFT_PRECOMPILE_BRIDGING_HEADER = NO;
				SWIFT_VERSION = 5.0;
			};
			name = Release;
		};
/* End XCBuildConfiguration section */

/* Begin XCConfigurationList section */
		39657B0727F4DB72009EBE47 /* Build configuration list for PBXProject "StreamDeckPlugin" */ = {
			isa = XCConfigurationList;
			buildConfigurations = (
				39657B1127F4DB72009EBE47 /* Debug */,
				39657B1227F4DB72009EBE47 /* Release */,
			);
			defaultConfigurationIsVisible = 0;
			defaultConfigurationName = Release;
		};
		39657B1327F4DB72009EBE47 /* Build configuration list for PBXNativeTarget "StreamDeckPlugin" */ = {
			isa = XCConfigurationList;
			buildConfigurations = (
				39657B1427F4DB72009EBE47 /* Debug */,
				39657B1527F4DB72009EBE47 /* Release */,
			);
			defaultConfigurationIsVisible = 0;
			defaultConfigurationName = Release;
		};
/* End XCConfigurationList section */

/* Begin XCRemoteSwiftPackageReference section */
		39657C6927F501D2009EBE47 /* XCRemoteSwiftPackageReference "swift-argument-parser" */ = {
			isa = XCRemoteSwiftPackageReference;
			repositoryURL = "https://github.com/apple/swift-argument-parser.git";
			requirement = {
				kind = upToNextMajorVersion;
				minimumVersion = 1.0.0;
			};
		};
		397436482804AB79004B3EE9 /* XCRemoteSwiftPackageReference "vapor" */ = {
			isa = XCRemoteSwiftPackageReference;
			repositoryURL = "https://github.com/vapor/vapor";
			requirement = {
				branch = main;
				kind = branch;
			};
		};
		397436562808BF27004B3EE9 /* XCRemoteSwiftPackageReference "SwiftyJSON" */ = {
			isa = XCRemoteSwiftPackageReference;
			repositoryURL = "https://github.com/SwiftyJSON/SwiftyJSON";
			requirement = {
				kind = upToNextMajorVersion;
				minimumVersion = 5.0.0;
			};
		};
/* End XCRemoteSwiftPackageReference section */

/* Begin XCSwiftPackageProductDependency section */
		39657C6A27F501D2009EBE47 /* ArgumentParser */ = {
			isa = XCSwiftPackageProductDependency;
			package = 39657C6927F501D2009EBE47 /* XCRemoteSwiftPackageReference "swift-argument-parser" */;
			productName = ArgumentParser;
		};
		397436492804AB79004B3EE9 /* Vapor */ = {
			isa = XCSwiftPackageProductDependency;
			package = 397436482804AB79004B3EE9 /* XCRemoteSwiftPackageReference "vapor" */;
			productName = Vapor;
		};
		397436572808BF27004B3EE9 /* SwiftyJSON */ = {
			isa = XCSwiftPackageProductDependency;
			package = 397436562808BF27004B3EE9 /* XCRemoteSwiftPackageReference "SwiftyJSON" */;
			productName = SwiftyJSON;
		};
/* End XCSwiftPackageProductDependency section */
	};
	rootObject = 39657B0427F4DB72009EBE47 /* Project object */;
}
